
Microsoft Visual Studio Solution File, Format Version 12.00
# Visual Studio Version 16
VisualStudioVersion = 16.0.30128.36
MinimumVisualStudioVersion = 10.0.40219.1
Project("{9A19103F-16F7-4668-BE54-9A1E7A4F7556}") = "RssNotify.Functions", "RssNotify.Functions\RssNotify.Functions.csproj", "{63929DB1-0A62-4C92-81A9-5EB221DE9BD5}"
EndProject
Project("{FAE04EC0-301F-11D3-BF4B-00C04F79EFBC}") = "RssNotify.Services", "RssNotify.Services\RssNotify.Services.csproj", "{661A3817-4662-4C35-B74D-4A1A52B5BD06}"
EndProject
Project("{9A19103F-16F7-4668-BE54-9A1E7A4F7556}") = "RssNotify.Services.Tests", "RssNotify.Services.Tests\RssNotify.Services.Tests.csproj", "{FE4EF721-641B-40F2-8257-9311F5E7C5BA}"
EndProject
Global
	GlobalSection(SolutionConfigurationPlatforms) = preSolution
		Debug|Any CPU = Debug|Any CPU
		Release|Any CPU = Release|Any CPU
	EndGlobalSection
	GlobalSection(ProjectConfigurationPlatforms) = postSolution
		{63929DB1-0A62-4C92-81A9-5EB221DE9BD5}.Debug|Any CPU.ActiveCfg = Debug|Any CPU
		{63929DB1-0A62-4C92-81A9-5EB221DE9BD5}.Debug|Any CPU.Build.0 = Debug|Any CPU
		{63929DB1-0A62-4C92-81A9-5EB221DE9BD5}.Release|Any CPU.ActiveCfg = Release|Any CPU
		{63929DB1-0A62-4C92-81A9-5EB221DE9BD5}.Release|Any CPU.Build.0 = Release|Any CPU
		{661A3817-4662-4C35-B74D-4A1A52B5BD06}.Debug|Any CPU.ActiveCfg = Debug|Any CPU
		{661A3817-4662-4C35-B74D-4A1A52B5BD06}.Debug|Any CPU.Build.0 = Debug|Any CPU
		{661A3817-4662-4C35-B74D-4A1A52B5BD06}.Release|Any CPU.ActiveCfg = Release|Any CPU
		{661A3817-4662-4C35-B74D-4A1A52B5BD06}.Release|Any CPU.Build.0 = Release|Any CPU
		{FE4EF721-641B-40F2-8257-9311F5E7C5BA}.Debug|Any CPU.ActiveCfg = Debug|Any CPU
		{FE4EF721-641B-40F2-8257-9311F5E7C5BA}.Debug|Any CPU.Build.0 = Debug|Any CPU
		{FE4EF721-641B-40F2-8257-9311F5E7C5BA}.Release|Any CPU.ActiveCfg = Release|Any CPU
		{FE4EF721-641B-40F2-8257-9311F5E7C5BA}.Release|Any CPU.Build.0 = Release|Any CPU
	EndGlobalSection
	GlobalSection(SolutionProperties) = preSolution
		HideSolutionNode = FALSE
	EndGlobalSection
	GlobalSection(ExtensibilityGlobals) = postSolution
		SolutionGuid = {D2E9952E-F47B-4BD3-979A-8971E87D6448}
	EndGlobalSection
EndGlobal
